{
	"name": "@frontendgoodies/code-sandbox",
	"version": "1.1.13",
	"lockfileVersion": 1,
	"requires": true,
	"dependencies": {
		"@types/node": {
			"version": "16.4.0",
			"resolved": "https://registry.npmjs.org/@types/node/-/node-16.4.0.tgz",
			"integrity": "sha512-HrJuE7Mlqcjj+00JqMWpZ3tY8w7EUd+S0U3L1+PQSWiXZbOgyQDvi+ogoUxaHApPJq5diKxYBQwA3iIlNcPqOg==",
			"dev": true
		},
		"commander": {
			"version": "8.0.0",
			"resolved": "https://registry.npmjs.org/commander/-/commander-8.0.0.tgz",
			"integrity": "sha512-Xvf85aAtu6v22+E5hfVoLHqyul/jyxh91zvqk/ioJTQuJR7Z78n7H558vMPKanPSRgIEeZemT92I2g9Y8LPbSQ==",
			"dev": true
		},
		"define-lazy-prop": {
			"version": "2.0.0",
			"resolved": "https://registry.npmjs.org/define-lazy-prop/-/define-lazy-prop-2.0.0.tgz",
			"integrity": "sha512-Ds09qNh8yw3khSjiJjiUInaGX9xlqZDY7JVryGxdxV7NPeuqQfplOpQ66yJFZut3jLa5zOwkXw1g9EI2uKh4Og=="
		},
		"esbuild": {
			"version": "0.12.15",
			"resolved": "https://registry.npmjs.org/esbuild/-/esbuild-0.12.15.tgz",
			"integrity": "sha512-72V4JNd2+48eOVCXx49xoSWHgC3/cCy96e7mbXKY+WOWghN00cCmlGnwVLRhRHorvv0dgCyuMYBZlM2xDM5OQw==",
			"dev": true
		},
		"esbuild-plugin-babel": {
			"version": "0.2.3",
			"resolved": "https://registry.npmjs.org/esbuild-plugin-babel/-/esbuild-plugin-babel-0.2.3.tgz",
			"integrity": "sha512-hGLL31n+GvBhkHUpPCt1sU4ynzOH7I1IUkKhera66jigi4mHFPL6dfJo44L6/1rfcZudXx+wGdf9VOifzDPqYQ==",
			"dev": true
		},
		"is-docker": {
			"version": "2.2.1",
			"resolved": "https://registry.npmjs.org/is-docker/-/is-docker-2.2.1.tgz",
			"integrity": "sha512-F+i2BKsFrH66iaUFc0woD8sLy8getkwTwtOBjvs56Cx4CgJDeKQeqfz8wAYiSb8JOprWhHH5p77PbmYCvvUuXQ=="
		},
		"is-wsl": {
			"version": "2.2.0",
			"resolved": "https://registry.npmjs.org/is-wsl/-/is-wsl-2.2.0.tgz",
			"integrity": "sha512-fKzAra0rGJUUBwGBgNkHZuToZcn+TtXHpeCgmkMJMMYx1sQDYaCSyjJBSCa2nH1DGm7s3n1oBnohoVTBaN7Lww==",
			"requires": {
				"is-docker": "^2.0.0"
			}
		},
		"open": {
			"version": "8.2.1",
			"resolved": "https://registry.npmjs.org/open/-/open-8.2.1.tgz",
			"integrity": "sha512-rXILpcQlkF/QuFez2BJDf3GsqpjGKbkUUToAIGo9A0Q6ZkoSGogZJulrUdwRkrAsoQvoZsrjCYt8+zblOk7JQQ==",
			"requires": {
				"define-lazy-prop": "^2.0.0",
				"is-docker": "^2.1.1",
				"is-wsl": "^2.2.0"
			}
		},
		"typescript": {
			"version": "4.3.5",
			"resolved": "https://registry.npmjs.org/typescript/-/typescript-4.3.5.tgz",
			"integrity": "sha512-DqQgihaQ9cUrskJo9kIyW/+g0Vxsk8cDtZ52a3NGh0YNTfpUSArXSohyUGnvbPazEPLu398C0UxmKSOrPumUzA==",
			"dev": true
		}
	}
}
